
Microsoft Visual Studio Solution File, Format Version 12.00
# Visual Studio Version 17
VisualStudioVersion = 17.0.32014.148
MinimumVisualStudioVersion = 10.0.40219.1
Project("{FAE04EC0-301F-11D3-BF4B-00C04F79EFBC}") = "UploadFilesandSaveinDatabase", "UploadFilesandSaveinDatabase\UploadFilesandSaveinDatabase.csproj", "{DCFE1163-62EB-4B77-AC96-F168748C62E5}"
EndProject
Global
	GlobalSection(SolutionConfigurationPlatforms) = preSolution
		Debug|Any CPU = Debug|Any CPU
		Release|Any CPU = Release|Any CPU
	EndGlobalSection
	GlobalSection(ProjectConfigurationPlatforms) = postSolution
		{DCFE1163-62EB-4B77-AC96-F168748C62E5}.Debug|Any CPU.ActiveCfg = Debug|Any CPU
		{DCFE1163-62EB-4B77-AC96-F168748C62E5}.Debug|Any CPU.Build.0 = Debug|Any CPU
		{DCFE1163-62EB-4B77-AC96-F168748C62E5}.Release|Any CPU.ActiveCfg = Release|Any CPU
		{DCFE1163-62EB-4B77-AC96-F168748C62E5}.Release|Any CPU.Build.0 = Release|Any CPU
	EndGlobalSection
	GlobalSection(SolutionProperties) = preSolution
		HideSolutionNode = FALSE
	EndGlobalSection
	GlobalSection(ExtensibilityGlobals) = postSolution
		SolutionGuid = {F7CB25DA-5865-463D-BDC5-756DD54039E3}
	EndGlobalSection
EndGlobal
